PODS:
  - shared (1.0)
  - SwiftFormat/CLI (0.53.9)

DEPENDENCIES:
  - shared (from `../shared`)
  - SwiftFormat/CLI (~> 0.53.9)

SPEC REPOS:
  trunk:
    - SwiftFormat

EXTERNAL SOURCES:
  shared:
    :path: "../shared"

SPEC CHECKSUMS:
  shared: b0aff9d3bb868970fd514cb63f47dc4df82d3eb7
  SwiftFormat: d30e6e1c9a85f4bce83394af184e2c1d03032605

PODFILE CHECKSUM: c865212f162b25efab1f4c3a7c4b85bdb722c41e

COCOAPODS: 1.15.2
